PODS:
  - Apple-Cocoapod-KochavaCore (7.1.1)
  - Apple-Cocoapod-KochavaEngagementExtension (7.1.1):
    - Apple-Cocoapod-KochavaCore (~> 7.1.1)

DEPENDENCIES:
  - Apple-Cocoapod-KochavaEngagementExtension (from `../`)

SPEC REPOS:
  trunk:
    - Apple-Cocoapod-KochavaCore

EXTERNAL SOURCES:
  Apple-Cocoapod-KochavaEngagementExtension:
    :path: "../"

SPEC CHECKSUMS:
  Apple-Cocoapod-KochavaCore: afebad3351993bf29332cbaf63225e7e3d201681
  Apple-Cocoapod-KochavaEngagementExtension: c8056469141c9af271bbbfad6add16ec02c0a13e

PODFILE CHECKSUM: a1c12fd956ca42240f2b84de903e55ff9f1a7b2c

COCOAPODS: 1.11.3
