PODS:
  - Apple-Cocoapod-KochavaCore (7.4.0)
  - Apple-Cocoapod-KochavaEngagementExtension (7.4.0):
    - Apple-Cocoapod-KochavaCore (~> 7.4.0)

DEPENDENCIES:
  - Apple-Cocoapod-KochavaEngagementExtension (from `../`)

SPEC REPOS:
  trunk:
    - Apple-Cocoapod-KochavaCore

EXTERNAL SOURCES:
  Apple-Cocoapod-KochavaEngagementExtension:
    :path: "../"

SPEC CHECKSUMS:
  Apple-Cocoapod-KochavaCore: 85f81d244249ab31d077e8e1657ac30ca2e20cc4
  Apple-Cocoapod-KochavaEngagementExtension: 73b2c588cdd38f2cb4a10ea73a45f0a90681d293

PODFILE CHECKSUM: a1c12fd956ca42240f2b84de903e55ff9f1a7b2c

COCOAPODS: 1.11.3
